// !$*UTF8*$!
{
	archiveVersion = 1;
	classes = {
	};
	objectVersion = 50;
	objects = {

/* Begin PBXBuildFile section */
		16512B0F2471ADAA00BB1505 /* main.cpp in Sources */ = {isa = PBXBuildFile; fileRef = 16512B0E2471ADAA00BB1505 /* main.cpp */; };
		16512B172471AE0B00BB1505 /* Room.cpp in Sources */ = {isa = PBXBuildFile; fileRef = 16512B152471AE0B00BB1505 /* Room.cpp */; };
		16512B1A2471AE1600BB1505 /* Tuple.cpp in Sources */ = {isa = PBXBuildFile; fileRef = 16512B182471AE1600BB1505 /* Tuple.cpp */; };
		16512B1D2471AE2C00BB1505 /* Hotel.cpp in Sources */ = {isa = PBXBuildFile; fileRef = 16512B1B2471AE2C00BB1505 /* Hotel.cpp */; };
		16512B202471AF0300BB1505 /* Date.cpp in Sources */ = {isa = PBXBuildFile; fileRef = 16512B1E2471AF0300BB1505 /* Date.cpp */; };
		16794A6D2472E67100A6A3F8 /* FileManager.cpp in Sources */ = {isa = PBXBuildFile; fileRef = 16794A6B2472E67100A6A3F8 /* FileManager.cpp */; };
		16794A702472E68500A6A3F8 /* Test.cpp in Sources */ = {isa = PBXBuildFile; fileRef = 16794A6E2472E68500A6A3F8 /* Test.cpp */; };
/* End PBXBuildFile section */

/* Begin PBXCopyFilesBuildPhase section */
		16512B092471ADAA00BB1505 /* CopyFiles */ = {
			isa = PBXCopyFilesBuildPhase;
			buildActionMask = 2147483647;
			dstPath = /usr/share/man/man1/;
			dstSubfolderSpec = 0;
			files = (
			);
			runOnlyForDeploymentPostprocessing = 1;
		};
/* End PBXCopyFilesBuildPhase section */

/* Begin PBXFileReference section */
		16512B0B2471ADAA00BB1505 /* PROJECT Hotev v3 */ = {isa = PBXFileReference; explicitFileType = "compiled.mach-o.executable"; includeInIndex = 0; path = "PROJECT Hotev v3"; sourceTree = BUILT_PRODUCTS_DIR; };
		16512B0E2471ADAA00BB1505 /* main.cpp */ = {isa = PBXFileReference; lastKnownFileType = sourcecode.cpp.cpp; path = main.cpp; sourceTree = "<group>"; };
		16512B152471AE0B00BB1505 /* Room.cpp */ = {isa = PBXFileReference; lastKnownFileType = sourcecode.cpp.cpp; path = Room.cpp; sourceTree = "<group>"; };
		16512B162471AE0B00BB1505 /* Room.hpp */ = {isa = PBXFileReference; lastKnownFileType = sourcecode.cpp.h; path = Room.hpp; sourceTree = "<group>"; };
		16512B182471AE1600BB1505 /* Tuple.cpp */ = {isa = PBXFileReference; lastKnownFileType = sourcecode.cpp.cpp; path = Tuple.cpp; sourceTree = "<group>"; };
		16512B192471AE1600BB1505 /* Tuple.hpp */ = {isa = PBXFileReference; lastKnownFileType = sourcecode.cpp.h; path = Tuple.hpp; sourceTree = "<group>"; };
		16512B1B2471AE2C00BB1505 /* Hotel.cpp */ = {isa = PBXFileReference; lastKnownFileType = sourcecode.cpp.cpp; path = Hotel.cpp; sourceTree = "<group>"; };
		16512B1C2471AE2C00BB1505 /* Hotel.hpp */ = {isa = PBXFileReference; lastKnownFileType = sourcecode.cpp.h; path = Hotel.hpp; sourceTree = "<group>"; };
		16512B1E2471AF0300BB1505 /* Date.cpp */ = {isa = PBXFileReference; lastKnownFileType = sourcecode.cpp.cpp; path = Date.cpp; sourceTree = "<group>"; };
		16512B1F2471AF0300BB1505 /* Date.hpp */ = {isa = PBXFileReference; lastKnownFileType = sourcecode.cpp.h; path = Date.hpp; sourceTree = "<group>"; };
		16794A6B2472E67100A6A3F8 /* FileManager.cpp */ = {isa = PBXFileReference; lastKnownFileType = sourcecode.cpp.cpp; path = FileManager.cpp; sourceTree = "<group>"; };
		16794A6C2472E67100A6A3F8 /* FileManager.hpp */ = {isa = PBXFileReference; lastKnownFileType = sourcecode.cpp.h; path = FileManager.hpp; sourceTree = "<group>"; };
		16794A6E2472E68500A6A3F8 /* Test.cpp */ = {isa = PBXFileReference; lastKnownFileType = sourcecode.cpp.cpp; path = Test.cpp; sourceTree = "<group>"; };
		16794A6F2472E68500A6A3F8 /* Test.hpp */ = {isa = PBXFileReference; lastKnownFileType = sourcecode.cpp.h; path = Test.hpp; sourceTree = "<group>"; };
/* End PBXFileReference section */

/* Begin PBXFrameworksBuildPhase section */
		16512B082471ADAA00BB1505 /* Frameworks */ = {
			isa = PBXFrameworksBuildPhase;
			buildActionMask = 2147483647;
			files = (
			);
			runOnlyForDeploymentPostprocessing = 0;
		};
/* End PBXFrameworksBuildPhase section */

/* Begin PBXGroup section */
		16512B022471ADAA00BB1505 = {
			isa = PBXGroup;
			children = (
				16512B0D2471ADAA00BB1505 /* PROJECT Hotev v3 */,
				16512B0C2471ADAA00BB1505 /* Products */,
			);
			sourceTree = "<group>";
		};
		16512B0C2471ADAA00BB1505 /* Products */ = {
			isa = PBXGroup;
			children = (
				16512B0B2471ADAA00BB1505 /* PROJECT Hotev v3 */,
			);
			name = Products;
			sourceTree = "<group>";
		};
		16512B0D2471ADAA00BB1505 /* PROJECT Hotev v3 */ = {
			isa = PBXGroup;
			children = (
				16512B1E2471AF0300BB1505 /* Date.cpp */,
				16512B1F2471AF0300BB1505 /* Date.hpp */,
				16512B152471AE0B00BB1505 /* Room.cpp */,
				16512B162471AE0B00BB1505 /* Room.hpp */,
				16512B182471AE1600BB1505 /* Tuple.cpp */,
				16512B192471AE1600BB1505 /* Tuple.hpp */,
				16512B1B2471AE2C00BB1505 /* Hotel.cpp */,
				16512B1C2471AE2C00BB1505 /* Hotel.hpp */,
				16794A6B2472E67100A6A3F8 /* FileManager.cpp */,
				16794A6C2472E67100A6A3F8 /* FileManager.hpp */,
				16794A6E2472E68500A6A3F8 /* Test.cpp */,
				16794A6F2472E68500A6A3F8 /* Test.hpp */,
				16512B0E2471ADAA00BB1505 /* main.cpp */,
			);
			path = "PROJECT Hotev v3";
			sourceTree = "<group>";
		};
/* End PBXGroup section */

/* Begin PBXNativeTarget section */
		16512B0A2471ADAA00BB1505 /* PROJECT Hotev v3 */ = {
			isa = PBXNativeTarget;
			buildConfigurationList = 16512B122471ADAA00BB1505 /* Build configuration list for PBXNativeTarget "PROJECT Hotev v3" */;
			buildPhases = (
				16512B072471ADAA00BB1505 /* Sources */,
				16512B082471ADAA00BB1505 /* Frameworks */,
				16512B092471ADAA00BB1505 /* CopyFiles */,
			);
			buildRules = (
			);
			dependencies = (
			);
			name = "PROJECT Hotev v3";
			productName = "PROJECT Hotev v3";
			productReference = 16512B0B2471ADAA00BB1505 /* PROJECT Hotev v3 */;
			productType = "com.apple.product-type.tool";
		};
/* End PBXNativeTarget section */

/* Begin PBXProject section */
		16512B032471ADAA00BB1505 /* Project object */ = {
			isa = PBXProject;
			attributes = {
				LastUpgradeCheck = 1140;
				ORGANIZATIONNAME = "Dennis Dimitrov";
				TargetAttributes = {
					16512B0A2471ADAA00BB1505 = {
						CreatedOnToolsVersion = 11.4;
					};
				};
			};
			buildConfigurationList = 16512B062471ADAA00BB1505 /* Build configuration list for PBXProject "PROJECT Hotev v3" */;
			compatibilityVersion = "Xcode 9.3";
			developmentRegion = en;
			hasScannedForEncodings = 0;
			knownRegions = (
				en,
				Base,
			);
			mainGroup = 16512B022471ADAA00BB1505;
			productRefGroup = 16512B0C2471ADAA00BB1505 /* Products */;
			projectDirPath = "";
			projectRoot = "";
			targets = (
				16512B0A2471ADAA00BB1505 /* PROJECT Hotev v3 */,
			);
		};
/* End PBXProject section */

/* Begin PBXSourcesBuildPhase section */
		16512B072471ADAA00BB1505 /* Sources */ = {
			isa = PBXSourcesBuildPhase;
			buildActionMask = 2147483647;
			files = (
				16512B1A2471AE1600BB1505 /* Tuple.cpp in Sources */,
				16512B172471AE0B00BB1505 /* Room.cpp in Sources */,
				16794A702472E68500A6A3F8 /* Test.cpp in Sources */,
				16512B1D2471AE2C00BB1505 /* Hotel.cpp in Sources */,
				16794A6D2472E67100A6A3F8 /* FileManager.cpp in Sources */,
				16512B0F2471ADAA00BB1505 /* main.cpp in Sources */,
				16512B202471AF0300BB1505 /* Date.cpp in Sources */,
			);
			runOnlyForDeploymentPostprocessing = 0;
		};
/* End PBXSourcesBuildPhase section */

/* Begin XCBuildConfiguration section */
		16512B102471ADAA00BB1505 /* Debug */ = {
			isa = XCBuildConfiguration;
			buildSettings = {
				ALWAYS_SEARCH_USER_PATHS = NO;
				CLANG_ANALYZER_NONNULL = YES;
				CLANG_ANALYZER_NUMBER_OBJECT_CONVERSION = YES_AGGRESSIVE;
				CLANG_CXX_LANGUAGE_STANDARD = "gnu++14";
				CLANG_CXX_LIBRARY = "libc++";
				CLANG_ENABLE_MODULES = YES;
				CLANG_ENABLE_OBJC_ARC = YES;
				CLANG_ENABLE_OBJC_WEAK = YES;
				CLANG_WARN_BLOCK_CAPTURE_AUTORELEASING = YES;
				CLANG_WARN_BOOL_CONVERSION = YES;
				CLANG_WARN_COMMA = YES;
				CLANG_WARN_CONSTANT_CONVERSION = YES;
				CLANG_WARN_DEPRECATED_OBJC_IMPLEMENTATIONS = YES;
				CLANG_WARN_DIRECT_OBJC_ISA_USAGE = YES_ERROR;
				CLANG_WARN_DOCUMENTATION_COMMENTS = YES;
				CLANG_WARN_EMPTY_BODY = YES;
				CLANG_WARN_ENUM_CONVERSION = YES;
				CLANG_WARN_INFINITE_RECURSION = YES;
				CLANG_WARN_INT_CONVERSION = YES;
				CLANG_WARN_NON_LITERAL_NULL_CONVERSION = YES;
				CLANG_WARN_OBJC_IMPLICIT_RETAIN_SELF = YES;
				CLANG_WARN_OBJC_LITERAL_CONVERSION = YES;
				CLANG_WARN_OBJC_ROOT_CLASS = YES_ERROR;
				CLANG_WARN_RANGE_LOOP_ANALYSIS = YES;
				CLANG_WARN_STRICT_PROTOTYPES = YES;
				CLANG_WARN_SUSPICIOUS_MOVE = YES;
				CLANG_WARN_UNGUARDED_AVAILABILITY = YES_AGGRESSIVE;
				CLANG_WARN_UNREACHABLE_CODE = YES;
				CLANG_WARN__DUPLICATE_METHOD_MATCH = YES;
				COPY_PHASE_STRIP = NO;
				DEBUG_INFORMATION_FORMAT = dwarf;
				ENABLE_STRICT_OBJC_MSGSEND = YES;
				ENABLE_TESTABILITY = YES;
				GCC_C_LANGUAGE_STANDARD = gnu11;
				GCC_DYNAMIC_NO_PIC = NO;
				GCC_NO_COMMON_BLOCKS = YES;
				GCC_OPTIMIZATION_LEVEL = 0;
				GCC_PREPROCESSOR_DEFINITIONS = (
					"DEBUG=1",
					"$(inherited)",
				);
				GCC_WARN_64_TO_32_BIT_CONVERSION = YES;
				GCC_WARN_ABOUT_RETURN_TYPE = YES_ERROR;
				GCC_WARN_UNDECLARED_SELECTOR = YES;
				GCC_WARN_UNINITIALIZED_AUTOS = YES_AGGRESSIVE;
				GCC_WARN_UNUSED_FUNCTION = YES;
				GCC_WARN_UNUSED_VARIABLE = YES;
				MACOSX_DEPLOYMENT_TARGET = 10.15;
				MTL_ENABLE_DEBUG_INFO = INCLUDE_SOURCE;
				MTL_FAST_MATH = YES;
				ONLY_ACTIVE_ARCH = YES;
				SDKROOT = macosx;
			};
			name = Debug;
		};
		16512B112471ADAA00BB1505 /* Release */ = {
			isa = XCBuildConfiguration;
			buildSettings = {
				ALWAYS_SEARCH_USER_PATHS = NO;
				CLANG_ANALYZER_NONNULL = YES;
				CLANG_ANALYZER_NUMBER_OBJECT_CONVERSION = YES_AGGRESSIVE;
				CLANG_CXX_LANGUAGE_STANDARD = "gnu++14";
				CLANG_CXX_LIBRARY = "libc++";
				CLANG_ENABLE_MODULES = YES;
				CLANG_ENABLE_OBJC_ARC = YES;
				CLANG_ENABLE_OBJC_WEAK = YES;
				CLANG_WARN_BLOCK_CAPTURE_AUTORELEASING = YES;
				CLANG_WARN_BOOL_CONVERSION = YES;
				CLANG_WARN_COMMA = YES;
				CLANG_WARN_CONSTANT_CONVERSION = YES;
				CLANG_WARN_DEPRECATED_OBJC_IMPLEMENTATIONS = YES;
				CLANG_WARN_DIRECT_OBJC_ISA_USAGE = YES_ERROR;
				CLANG_WARN_DOCUMENTATION_COMMENTS = YES;
				CLANG_WARN_EMPTY_BODY = YES;
				CLANG_WARN_ENUM_CONVERSION = YES;
				CLANG_WARN_INFINITE_RECURSION = YES;
				CLANG_WARN_INT_CONVERSION = YES;
				CLANG_WARN_NON_LITERAL_NULL_CONVERSION = YES;
				CLANG_WARN_OBJC_IMPLICIT_RETAIN_SELF = YES;
				CLANG_WARN_OBJC_LITERAL_CONVERSION = YES;
				CLANG_WARN_OBJC_ROOT_CLASS = YES_ERROR;
				CLANG_WARN_RANGE_LOOP_ANALYSIS = YES;
				CLANG_WARN_STRICT_PROTOTYPES = YES;
				CLANG_WARN_SUSPICIOUS_MOVE = YES;
				CLANG_WARN_UNGUARDED_AVAILABILITY = YES_AGGRESSIVE;
				CLANG_WARN_UNREACHABLE_CODE = YES;
				CLANG_WARN__DUPLICATE_METHOD_MATCH = YES;
				COPY_PHASE_STRIP = NO;
				DEBUG_INFORMATION_FORMAT = "dwarf-with-dsym";
				ENABLE_NS_ASSERTIONS = NO;
				ENABLE_STRICT_OBJC_MSGSEND = YES;
				GCC_C_LANGUAGE_STANDARD = gnu11;
				GCC_NO_COMMON_BLOCKS = YES;
				GCC_WARN_64_TO_32_BIT_CONVERSION = YES;
				GCC_WARN_ABOUT_RETURN_TYPE = YES_ERROR;
				GCC_WARN_UNDECLARED_SELECTOR = YES;
				GCC_WARN_UNINITIALIZED_AUTOS = YES_AGGRESSIVE;
				GCC_WARN_UNUSED_FUNCTION = YES;
				GCC_WARN_UNUSED_VARIABLE = YES;
				MACOSX_DEPLOYMENT_TARGET = 10.15;
				MTL_ENABLE_DEBUG_INFO = NO;
				MTL_FAST_MATH = YES;
				SDKROOT = macosx;
			};
			name = Release;
		};
		16512B132471ADAA00BB1505 /* Debug */ = {
			isa = XCBuildConfiguration;
			buildSettings = {
				CODE_SIGN_STYLE = Automatic;
				PRODUCT_NAME = "$(TARGET_NAME)";
			};
			name = Debug;
		};
		16512B142471ADAA00BB1505 /* Release */ = {
			isa = XCBuildConfiguration;
			buildSettings = {
				CODE_SIGN_STYLE = Automatic;
				PRODUCT_NAME = "$(TARGET_NAME)";
			};
			name = Release;
		};
/* End XCBuildConfiguration section */

/* Begin XCConfigurationList section */
		16512B062471ADAA00BB1505 /* Build configuration list for PBXProject "PROJECT Hotev v3" */ = {
			isa = XCConfigurationList;
			buildConfigurations = (
				16512B102471ADAA00BB1505 /* Debug */,
				16512B112471ADAA00BB1505 /* Release */,
			);
			defaultConfigurationIsVisible = 0;
			defaultConfigurationName = Release;
		};
		16512B122471ADAA00BB1505 /* Build configuration list for PBXNativeTarget "PROJECT Hotev v3" */ = {
			isa = XCConfigurationList;
			buildConfigurations = (
				16512B132471ADAA00BB1505 /* Debug */,
				16512B142471ADAA00BB1505 /* Release */,
			);
			defaultConfigurationIsVisible = 0;
			defaultConfigurationName = Release;
		};
/* End XCConfigurationList section */
	};
	rootObject = 16512B032471ADAA00BB1505 /* Project object */;
}
